{
    "_readme": ["This file is a fixture."],
    "content-hash": "0000000000000000000000000000000000000000",
    "packages": [
        {
            "name": "laravel/framework",
            "version": "v11.9.0"
        },
        {
            "name": "guzzlehttp/guzzle",
            "version": "7.8.1"
        },
        {
            "name": "craftcms/cms",
            "version": "4.8.6"
        }
    ],
    "packages-dev": [
        {
            "name": "pestphp/pest",
            "version": "v2.34.5"
        }
    ]
}
